
Microsoft Visual Studio Solution File, Format Version 12.00
# Visual Studio Version 17
VisualStudioVersion = 17.8.34322.80
MinimumVisualStudioVersion = 10.0.40219.1
Project("{FAE04EC0-301F-11D3-BF4B-00C04F79EFBC}") = "Domain", "Domain\Domain.csproj", "{CF3B0633-4A9C-49D2-B6F3-A6420363C8A9}"
EndProject
Project("{FAE04EC0-301F-11D3-BF4B-00C04F79EFBC}") = "Infatructure", "Infatructure\Infatructure.csproj", "{6CA36F74-0B9E-4D2D-B130-E460CDA149DC}"
EndProject
Project("{FAE04EC0-301F-11D3-BF4B-00C04F79EFBC}") = "API_Dpepartment", "API_Dpepartment\API_Dpepartment.csproj", "{A0080FA3-03CB-4A1E-A7D4-DEF9780B44D5}"
EndProject
Project("{FAE04EC0-301F-11D3-BF4B-00C04F79EFBC}") = "Application", "Application\Application.csproj", "{EC42DF00-D9CB-4226-A5F3-E8B7AA11793F}"
EndProject
Global
	GlobalSection(SolutionConfigurationPlatforms) = preSolution
		Debug|Any CPU = Debug|Any CPU
		Release|Any CPU = Release|Any CPU
	EndGlobalSection
	GlobalSection(ProjectConfigurationPlatforms) = postSolution
		{CF3B0633-4A9C-49D2-B6F3-A6420363C8A9}.Debug|Any CPU.ActiveCfg = Debug|Any CPU
		{CF3B0633-4A9C-49D2-B6F3-A6420363C8A9}.Debug|Any CPU.Build.0 = Debug|Any CPU
		{CF3B0633-4A9C-49D2-B6F3-A6420363C8A9}.Release|Any CPU.ActiveCfg = Release|Any CPU
		{CF3B0633-4A9C-49D2-B6F3-A6420363C8A9}.Release|Any CPU.Build.0 = Release|Any CPU
		{6CA36F74-0B9E-4D2D-B130-E460CDA149DC}.Debug|Any CPU.ActiveCfg = Debug|Any CPU
		{6CA36F74-0B9E-4D2D-B130-E460CDA149DC}.Debug|Any CPU.Build.0 = Debug|Any CPU
		{6CA36F74-0B9E-4D2D-B130-E460CDA149DC}.Release|Any CPU.ActiveCfg = Release|Any CPU
		{6CA36F74-0B9E-4D2D-B130-E460CDA149DC}.Release|Any CPU.Build.0 = Release|Any CPU
		{A0080FA3-03CB-4A1E-A7D4-DEF9780B44D5}.Debug|Any CPU.ActiveCfg = Debug|Any CPU
		{A0080FA3-03CB-4A1E-A7D4-DEF9780B44D5}.Debug|Any CPU.Build.0 = Debug|Any CPU
		{A0080FA3-03CB-4A1E-A7D4-DEF9780B44D5}.Release|Any CPU.ActiveCfg = Release|Any CPU
		{A0080FA3-03CB-4A1E-A7D4-DEF9780B44D5}.Release|Any CPU.Build.0 = Release|Any CPU
		{EC42DF00-D9CB-4226-A5F3-E8B7AA11793F}.Debug|Any CPU.ActiveCfg = Debug|Any CPU
		{EC42DF00-D9CB-4226-A5F3-E8B7AA11793F}.Debug|Any CPU.Build.0 = Debug|Any CPU
		{EC42DF00-D9CB-4226-A5F3-E8B7AA11793F}.Release|Any CPU.ActiveCfg = Release|Any CPU
		{EC42DF00-D9CB-4226-A5F3-E8B7AA11793F}.Release|Any CPU.Build.0 = Release|Any CPU
	EndGlobalSection
	GlobalSection(SolutionProperties) = preSolution
		HideSolutionNode = FALSE
	EndGlobalSection
	GlobalSection(ExtensibilityGlobals) = postSolution
		SolutionGuid = {48ABD4FD-3AEA-4CB8-A1AB-341E4390E98F}
	EndGlobalSection
EndGlobal
